
Microsoft Visual Studio Solution File, Format Version 12.00
# Visual Studio Version 17
VisualStudioVersion = 17.4.33213.308
MinimumVisualStudioVersion = 10.0.40219.1
Project("{9A19103F-16F7-4668-BE54-9A1E7A4F7556}") = "QuickSave", "QuickSave.csproj", "{BE983AD7-DD38-43E9-A194-BD672E57E404}"
EndProject
Global
	GlobalSection(SolutionConfigurationPlatforms) = preSolution
		Debug|Any CPU = Debug|Any CPU
		Release|Any CPU = Release|Any CPU
	EndGlobalSection
	GlobalSection(ProjectConfigurationPlatforms) = postSolution
		{BE983AD7-DD38-43E9-A194-BD672E57E404}.Debug|Any CPU.ActiveCfg = Debug|Any CPU
		{BE983AD7-DD38-43E9-A194-BD672E57E404}.Debug|Any CPU.Build.0 = Debug|Any CPU
		{BE983AD7-DD38-43E9-A194-BD672E57E404}.Release|Any CPU.ActiveCfg = Release|Any CPU
		{BE983AD7-DD38-43E9-A194-BD672E57E404}.Release|Any CPU.Build.0 = Release|Any CPU
	EndGlobalSection
	GlobalSection(SolutionProperties) = preSolution
		HideSolutionNode = FALSE
	EndGlobalSection
	GlobalSection(ExtensibilityGlobals) = postSolution
		SolutionGuid = {3F9EEEA9-0362-496E-916C-0BEFF4A877D8}
	EndGlobalSection
EndGlobal
